// !$*UTF8*$!
{
	archiveVersion = 1;
	classes = {
	};
	objectVersion = 55;
	objects = {

/* Begin PBXBuildFile section */
		F028DF042787220E00BBD316 /* radar-sound.mp3 in Resources */ = {isa = PBXBuildFile; fileRef = F028DF032787220E00BBD316 /* radar-sound.mp3 */; };
		F06743302781FC6F00488A5C /* TimerApp.swift in Sources */ = {isa = PBXBuildFile; fileRef = F067432F2781FC6F00488A5C /* TimerApp.swift */; };
		F06743322781FC6F00488A5C /* ContentView.swift in Sources */ = {isa = PBXBuildFile; fileRef = F06743312781FC6F00488A5C /* ContentView.swift */; };
		F06743342781FC7000488A5C /* Assets.xcassets in Resources */ = {isa = PBXBuildFile; fileRef = F06743332781FC7000488A5C /* Assets.xcassets */; };
		F06743372781FC7000488A5C /* Preview Assets.xcassets in Resources */ = {isa = PBXBuildFile; fileRef = F06743362781FC7000488A5C /* Preview Assets.xcassets */; };
		F0674340278324FB00488A5C /* CircleButton.swift in Sources */ = {isa = PBXBuildFile; fileRef = F067433F278324FB00488A5C /* CircleButton.swift */; };
		F06743422783251000488A5C /* CircularProgressView.swift in Sources */ = {isa = PBXBuildFile; fileRef = F06743412783251000488A5C /* CircularProgressView.swift */; };
		F06743442783252800488A5C /* ClockView.swift in Sources */ = {isa = PBXBuildFile; fileRef = F06743432783252800488A5C /* ClockView.swift */; };
		F06743492783257F00488A5C /* Binding+Extension.swift in Sources */ = {isa = PBXBuildFile; fileRef = F06743482783257F00488A5C /* Binding+Extension.swift */; };
		F067434B278325A300488A5C /* CountdownModel.swift in Sources */ = {isa = PBXBuildFile; fileRef = F067434A278325A200488A5C /* CountdownModel.swift */; };
/* End PBXBuildFile section */

/* Begin PBXFileReference section */
		F028DF032787220E00BBD316 /* radar-sound.mp3 */ = {isa = PBXFileReference; lastKnownFileType = audio.mp3; path = "radar-sound.mp3"; sourceTree = "<group>"; };
		F067432C2781FC6F00488A5C /* Timer.app */ = {isa = PBXFileReference; explicitFileType = wrapper.application; includeInIndex = 0; path = Timer.app; sourceTree = BUILT_PRODUCTS_DIR; };
		F067432F2781FC6F00488A5C /* TimerApp.swift */ = {isa = PBXFileReference; lastKnownFileType = sourcecode.swift; path = TimerApp.swift; sourceTree = "<group>"; };
		F06743312781FC6F00488A5C /* ContentView.swift */ = {isa = PBXFileReference; lastKnownFileType = sourcecode.swift; path = ContentView.swift; sourceTree = "<group>"; };
		F06743332781FC7000488A5C /* Assets.xcassets */ = {isa = PBXFileReference; lastKnownFileType = folder.assetcatalog; path = Assets.xcassets; sourceTree = "<group>"; };
		F06743362781FC7000488A5C /* Preview Assets.xcassets */ = {isa = PBXFileReference; lastKnownFileType = folder.assetcatalog; path = "Preview Assets.xcassets"; sourceTree = "<group>"; };
		F06743382781FC7000488A5C /* Timer.entitlements */ = {isa = PBXFileReference; lastKnownFileType = text.plist.entitlements; path = Timer.entitlements; sourceTree = "<group>"; };
		F067433F278324FB00488A5C /* CircleButton.swift */ = {isa = PBXFileReference; lastKnownFileType = sourcecode.swift; path = CircleButton.swift; sourceTree = "<group>"; };
		F06743412783251000488A5C /* CircularProgressView.swift */ = {isa = PBXFileReference; lastKnownFileType = sourcecode.swift; path = CircularProgressView.swift; sourceTree = "<group>"; };
		F06743432783252800488A5C /* ClockView.swift */ = {isa = PBXFileReference; lastKnownFileType = sourcecode.swift; path = ClockView.swift; sourceTree = "<group>"; };
		F06743482783257F00488A5C /* Binding+Extension.swift */ = {isa = PBXFileReference; lastKnownFileType = sourcecode.swift; path = "Binding+Extension.swift"; sourceTree = "<group>"; };
		F067434A278325A200488A5C /* CountdownModel.swift */ = {isa = PBXFileReference; lastKnownFileType = sourcecode.swift; path = CountdownModel.swift; sourceTree = "<group>"; };
/* End PBXFileReference section */

/* Begin PBXFrameworksBuildPhase section */
		F06743292781FC6F00488A5C /* Frameworks */ = {
			isa = PBXFrameworksBuildPhase;
			buildActionMask = 2147483647;
			files = (
			);
			runOnlyForDeploymentPostprocessing = 0;
		};
/* End PBXFrameworksBuildPhase section */

/* Begin PBXGroup section */
		F028DF002786E5EE00BBD316 /* Sounds */ = {
			isa = PBXGroup;
			children = (
				F028DF032787220E00BBD316 /* radar-sound.mp3 */,
			);
			path = Sounds;
			sourceTree = "<group>";
		};
		F06743232781FC6F00488A5C = {
			isa = PBXGroup;
			children = (
				F067432E2781FC6F00488A5C /* Timer */,
				F067432D2781FC6F00488A5C /* Products */,
			);
			sourceTree = "<group>";
		};
		F067432D2781FC6F00488A5C /* Products */ = {
			isa = PBXGroup;
			children = (
				F067432C2781FC6F00488A5C /* Timer.app */,
			);
			name = Products;
			sourceTree = "<group>";
		};
		F067432E2781FC6F00488A5C /* Timer */ = {
			isa = PBXGroup;
			children = (
				F028DF002786E5EE00BBD316 /* Sounds */,
				F067434C278325AD00488A5C /* Models */,
				F06743472783256F00488A5C /* Extensions */,
				F067433E278324F100488A5C /* Views */,
				F067434F27832CFA00488A5C /* App */,
				F06743352781FC7000488A5C /* Preview Content */,
			);
			path = Timer;
			sourceTree = "<group>";
		};
		F06743352781FC7000488A5C /* Preview Content */ = {
			isa = PBXGroup;
			children = (
				F06743362781FC7000488A5C /* Preview Assets.xcassets */,
			);
			path = "Preview Content";
			sourceTree = "<group>";
		};
		F067433E278324F100488A5C /* Views */ = {
			isa = PBXGroup;
			children = (
				F067433F278324FB00488A5C /* CircleButton.swift */,
				F06743412783251000488A5C /* CircularProgressView.swift */,
				F06743432783252800488A5C /* ClockView.swift */,
				F06743312781FC6F00488A5C /* ContentView.swift */,
			);
			path = Views;
			sourceTree = "<group>";
		};
		F06743472783256F00488A5C /* Extensions */ = {
			isa = PBXGroup;
			children = (
				F06743482783257F00488A5C /* Binding+Extension.swift */,
			);
			path = Extensions;
			sourceTree = "<group>";
		};
		F067434C278325AD00488A5C /* Models */ = {
			isa = PBXGroup;
			children = (
				F067434A278325A200488A5C /* CountdownModel.swift */,
			);
			path = Models;
			sourceTree = "<group>";
		};
		F067434F27832CFA00488A5C /* App */ = {
			isa = PBXGroup;
			children = (
				F067432F2781FC6F00488A5C /* TimerApp.swift */,
				F06743332781FC7000488A5C /* Assets.xcassets */,
				F06743382781FC7000488A5C /* Timer.entitlements */,
			);
			path = App;
			sourceTree = "<group>";
		};
/* End PBXGroup section */

/* Begin PBXNativeTarget section */
		F067432B2781FC6F00488A5C /* Timer */ = {
			isa = PBXNativeTarget;
			buildConfigurationList = F067433B2781FC7000488A5C /* Build configuration list for PBXNativeTarget "Timer" */;
			buildPhases = (
				F06743282781FC6F00488A5C /* Sources */,
				F06743292781FC6F00488A5C /* Frameworks */,
				F067432A2781FC6F00488A5C /* Resources */,
			);
			buildRules = (
			);
			dependencies = (
			);
			name = Timer;
			productName = Timer;
			productReference = F067432C2781FC6F00488A5C /* Timer.app */;
			productType = "com.apple.product-type.application";
		};
/* End PBXNativeTarget section */

/* Begin PBXProject section */
		F06743242781FC6F00488A5C /* Project object */ = {
			isa = PBXProject;
			attributes = {
				BuildIndependentTargetsInParallel = 1;
				LastSwiftUpdateCheck = 1310;
				LastUpgradeCheck = 1310;
				TargetAttributes = {
					F067432B2781FC6F00488A5C = {
						CreatedOnToolsVersion = 13.1;
					};
				};
			};
			buildConfigurationList = F06743272781FC6F00488A5C /* Build configuration list for PBXProject "Timer" */;
			compatibilityVersion = "Xcode 13.0";
			developmentRegion = en;
			hasScannedForEncodings = 0;
			knownRegions = (
				en,
				Base,
			);
			mainGroup = F06743232781FC6F00488A5C;
			productRefGroup = F067432D2781FC6F00488A5C /* Products */;
			projectDirPath = "";
			projectRoot = "";
			targets = (
				F067432B2781FC6F00488A5C /* Timer */,
			);
		};
/* End PBXProject section */

/* Begin PBXResourcesBuildPhase section */
		F067432A2781FC6F00488A5C /* Resources */ = {
			isa = PBXResourcesBuildPhase;
			buildActionMask = 2147483647;
			files = (
				F06743372781FC7000488A5C /* Preview Assets.xcassets in Resources */,
				F028DF042787220E00BBD316 /* radar-sound.mp3 in Resources */,
				F06743342781FC7000488A5C /* Assets.xcassets in Resources */,
			);
			runOnlyForDeploymentPostprocessing = 0;
		};
/* End PBXResourcesBuildPhase section */

/* Begin PBXSourcesBuildPhase section */
		F06743282781FC6F00488A5C /* Sources */ = {
			isa = PBXSourcesBuildPhase;
			buildActionMask = 2147483647;
			files = (
				F0674340278324FB00488A5C /* CircleButton.swift in Sources */,
				F067434B278325A300488A5C /* CountdownModel.swift in Sources */,
				F06743442783252800488A5C /* ClockView.swift in Sources */,
				F06743322781FC6F00488A5C /* ContentView.swift in Sources */,
				F06743422783251000488A5C /* CircularProgressView.swift in Sources */,
				F06743302781FC6F00488A5C /* TimerApp.swift in Sources */,
				F06743492783257F00488A5C /* Binding+Extension.swift in Sources */,
			);
			runOnlyForDeploymentPostprocessing = 0;
		};
/* End PBXSourcesBuildPhase section */

/* Begin XCBuildConfiguration section */
		F06743392781FC7000488A5C /* Debug */ = {
			isa = XCBuildConfiguration;
			buildSettings = {
				ALWAYS_SEARCH_USER_PATHS = NO;
				CLANG_ANALYZER_NONNULL = YES;
				CLANG_ANALYZER_NUMBER_OBJECT_CONVERSION = YES_AGGRESSIVE;
				CLANG_CXX_LANGUAGE_STANDARD = "gnu++17";
				CLANG_CXX_LIBRARY = "libc++";
				CLANG_ENABLE_MODULES = YES;
				CLANG_ENABLE_OBJC_ARC = YES;
				CLANG_ENABLE_OBJC_WEAK = YES;
				CLANG_WARN_BLOCK_CAPTURE_AUTORELEASING = YES;
				CLANG_WARN_BOOL_CONVERSION = YES;
				CLANG_WARN_COMMA = YES;
				CLANG_WARN_CONSTANT_CONVERSION = YES;
				CLANG_WARN_DEPRECATED_OBJC_IMPLEMENTATIONS = YES;
				CLANG_WARN_DIRECT_OBJC_ISA_USAGE = YES_ERROR;
				CLANG_WARN_DOCUMENTATION_COMMENTS = YES;
				CLANG_WARN_EMPTY_BODY = YES;
				CLANG_WARN_ENUM_CONVERSION = YES;
				CLANG_WARN_INFINITE_RECURSION = YES;
				CLANG_WARN_INT_CONVERSION = YES;
				CLANG_WARN_NON_LITERAL_NULL_CONVERSION = YES;
				CLANG_WARN_OBJC_IMPLICIT_RETAIN_SELF = YES;
				CLANG_WARN_OBJC_LITERAL_CONVERSION = YES;
				CLANG_WARN_OBJC_ROOT_CLASS = YES_ERROR;
				CLANG_WARN_QUOTED_INCLUDE_IN_FRAMEWORK_HEADER = YES;
				CLANG_WARN_RANGE_LOOP_ANALYSIS = YES;
				CLANG_WARN_STRICT_PROTOTYPES = YES;
				CLANG_WARN_SUSPICIOUS_MOVE = YES;
				CLANG_WARN_UNGUARDED_AVAILABILITY = YES_AGGRESSIVE;
				CLANG_WARN_UNREACHABLE_CODE = YES;
				CLANG_WARN__DUPLICATE_METHOD_MATCH = YES;
				COPY_PHASE_STRIP = NO;
				DEBUG_INFORMATION_FORMAT = dwarf;
				ENABLE_STRICT_OBJC_MSGSEND = YES;
				ENABLE_TESTABILITY = YES;
				GCC_C_LANGUAGE_STANDARD = gnu11;
				GCC_DYNAMIC_NO_PIC = NO;
				GCC_NO_COMMON_BLOCKS = YES;
				GCC_OPTIMIZATION_LEVEL = 0;
				GCC_PREPROCESSOR_DEFINITIONS = (
					"DEBUG=1",
					"$(inherited)",
				);
				GCC_WARN_64_TO_32_BIT_CONVERSION = YES;
				GCC_WARN_ABOUT_RETURN_TYPE = YES_ERROR;
				GCC_WARN_UNDECLARED_SELECTOR = YES;
				GCC_WARN_UNINITIALIZED_AUTOS = YES_AGGRESSIVE;
				GCC_WARN_UNUSED_FUNCTION = YES;
				GCC_WARN_UNUSED_VARIABLE = YES;
				MACOSX_DEPLOYMENT_TARGET = 12.0;
				MTL_ENABLE_DEBUG_INFO = INCLUDE_SOURCE;
				MTL_FAST_MATH = YES;
				ONLY_ACTIVE_ARCH = YES;
				SDKROOT = macosx;
				SWIFT_ACTIVE_COMPILATION_CONDITIONS = DEBUG;
				SWIFT_OPTIMIZATION_LEVEL = "-Onone";
			};
			name = Debug;
		};
		F067433A2781FC7000488A5C /* Release */ = {
			isa = XCBuildConfiguration;
			buildSettings = {
				ALWAYS_SEARCH_USER_PATHS = NO;
				CLANG_ANALYZER_NONNULL = YES;
				CLANG_ANALYZER_NUMBER_OBJECT_CONVERSION = YES_AGGRESSIVE;
				CLANG_CXX_LANGUAGE_STANDARD = "gnu++17";
				CLANG_CXX_LIBRARY = "libc++";
				CLANG_ENABLE_MODULES = YES;
				CLANG_ENABLE_OBJC_ARC = YES;
				CLANG_ENABLE_OBJC_WEAK = YES;
				CLANG_WARN_BLOCK_CAPTURE_AUTORELEASING = YES;
				CLANG_WARN_BOOL_CONVERSION = YES;
				CLANG_WARN_COMMA = YES;
				CLANG_WARN_CONSTANT_CONVERSION = YES;
				CLANG_WARN_DEPRECATED_OBJC_IMPLEMENTATIONS = YES;
				CLANG_WARN_DIRECT_OBJC_ISA_USAGE = YES_ERROR;
				CLANG_WARN_DOCUMENTATION_COMMENTS = YES;
				CLANG_WARN_EMPTY_BODY = YES;
				CLANG_WARN_ENUM_CONVERSION = YES;
				CLANG_WARN_INFINITE_RECURSION = YES;
				CLANG_WARN_INT_CONVERSION = YES;
				CLANG_WARN_NON_LITERAL_NULL_CONVERSION = YES;
				CLANG_WARN_OBJC_IMPLICIT_RETAIN_SELF = YES;
				CLANG_WARN_OBJC_LITERAL_CONVERSION = YES;
				CLANG_WARN_OBJC_ROOT_CLASS = YES_ERROR;
				CLANG_WARN_QUOTED_INCLUDE_IN_FRAMEWORK_HEADER = YES;
				CLANG_WARN_RANGE_LOOP_ANALYSIS = YES;
				CLANG_WARN_STRICT_PROTOTYPES = YES;
				CLANG_WARN_SUSPICIOUS_MOVE = YES;
				CLANG_WARN_UNGUARDED_AVAILABILITY = YES_AGGRESSIVE;
				CLANG_WARN_UNREACHABLE_CODE = YES;
				CLANG_WARN__DUPLICATE_METHOD_MATCH = YES;
				COPY_PHASE_STRIP = NO;
				DEBUG_INFORMATION_FORMAT = "dwarf-with-dsym";
				ENABLE_NS_ASSERTIONS = NO;
				ENABLE_STRICT_OBJC_MSGSEND = YES;
				GCC_C_LANGUAGE_STANDARD = gnu11;
				GCC_NO_COMMON_BLOCKS = YES;
				GCC_WARN_64_TO_32_BIT_CONVERSION = YES;
				GCC_WARN_ABOUT_RETURN_TYPE = YES_ERROR;
				GCC_WARN_UNDECLARED_SELECTOR = YES;
				GCC_WARN_UNINITIALIZED_AUTOS = YES_AGGRESSIVE;
				GCC_WARN_UNUSED_FUNCTION = YES;
				GCC_WARN_UNUSED_VARIABLE = YES;
				MACOSX_DEPLOYMENT_TARGET = 12.0;
				MTL_ENABLE_DEBUG_INFO = NO;
				MTL_FAST_MATH = YES;
				SDKROOT = macosx;
				SWIFT_COMPILATION_MODE = wholemodule;
				SWIFT_OPTIMIZATION_LEVEL = "-O";
			};
			name = Release;
		};
		F067433C2781FC7000488A5C /* Debug */ = {
			isa = XCBuildConfiguration;
			buildSettings = {
				ASSETCATALOG_COMPILER_APPICON_NAME = AppIcon;
				ASSETCATALOG_COMPILER_GLOBAL_ACCENT_COLOR_NAME = AccentColor;
				ASSETCATALOG_COMPILER_INCLUDE_ALL_APPICON_ASSETS = YES;
				CODE_SIGN_ENTITLEMENTS = Timer/App/Timer.entitlements;
				CODE_SIGN_STYLE = Automatic;
				COMBINE_HIDPI_IMAGES = YES;
				CURRENT_PROJECT_VERSION = 3;
				DEVELOPMENT_ASSET_PATHS = "\"Timer/Preview Content\"";
				DEVELOPMENT_TEAM = QMW26WR72K;
				ENABLE_HARDENED_RUNTIME = YES;
				ENABLE_PREVIEWS = YES;
				GENERATE_INFOPLIST_FILE = YES;
				INFOPLIST_FILE = Timer/App/Info.plist;
				INFOPLIST_KEY_LSApplicationCategoryType = "public.app-category.productivity";
				INFOPLIST_KEY_NSHumanReadableCopyright = "";
				LD_RUNPATH_SEARCH_PATHS = (
					"$(inherited)",
					"@executable_path/../Frameworks",
				);
				MARKETING_VERSION = 1.1.0;
				PRODUCT_BUNDLE_IDENTIFIER = co.armanabkar.Timer;
				PRODUCT_NAME = "$(TARGET_NAME)";
				SWIFT_EMIT_LOC_STRINGS = YES;
				SWIFT_VERSION = 5.0;
			};
			name = Debug;
		};
		F067433D2781FC7000488A5C /* Release */ = {
			isa = XCBuildConfiguration;
			buildSettings = {
				ASSETCATALOG_COMPILER_APPICON_NAME = AppIcon;
				ASSETCATALOG_COMPILER_GLOBAL_ACCENT_COLOR_NAME = AccentColor;
				ASSETCATALOG_COMPILER_INCLUDE_ALL_APPICON_ASSETS = YES;
				CODE_SIGN_ENTITLEMENTS = Timer/App/Timer.entitlements;
				CODE_SIGN_STYLE = Automatic;
				COMBINE_HIDPI_IMAGES = YES;
				CURRENT_PROJECT_VERSION = 3;
				DEVELOPMENT_ASSET_PATHS = "\"Timer/Preview Content\"";
				DEVELOPMENT_TEAM = QMW26WR72K;
				ENABLE_HARDENED_RUNTIME = YES;
				ENABLE_PREVIEWS = YES;
				GENERATE_INFOPLIST_FILE = YES;
				INFOPLIST_FILE = Timer/App/Info.plist;
				INFOPLIST_KEY_LSApplicationCategoryType = "public.app-category.productivity";
				INFOPLIST_KEY_NSHumanReadableCopyright = "";
				LD_RUNPATH_SEARCH_PATHS = (
					"$(inherited)",
					"@executable_path/../Frameworks",
				);
				MARKETING_VERSION = 1.1.0;
				PRODUCT_BUNDLE_IDENTIFIER = co.armanabkar.Timer;
				PRODUCT_NAME = "$(TARGET_NAME)";
				SWIFT_EMIT_LOC_STRINGS = YES;
				SWIFT_VERSION = 5.0;
			};
			name = Release;
		};
/* End XCBuildConfiguration section */

/* Begin XCConfigurationList section */
		F06743272781FC6F00488A5C /* Build configuration list for PBXProject "Timer" */ = {
			isa = XCConfigurationList;
			buildConfigurations = (
				F06743392781FC7000488A5C /* Debug */,
				F067433A2781FC7000488A5C /* Release */,
			);
			defaultConfigurationIsVisible = 0;
			defaultConfigurationName = Release;
		};
		F067433B2781FC7000488A5C /* Build configuration list for PBXNativeTarget "Timer" */ = {
			isa = XCConfigurationList;
			buildConfigurations = (
				F067433C2781FC7000488A5C /* Debug */,
				F067433D2781FC7000488A5C /* Release */,
			);
			defaultConfigurationIsVisible = 0;
			defaultConfigurationName = Release;
		};
/* End XCConfigurationList section */
	};
	rootObject = F06743242781FC6F00488A5C /* Project object */;
}
